
Microsoft Visual Studio Solution File, Format Version 12.00
# Visual Studio Version 17
VisualStudioVersion = 17.5.33502.453
MinimumVisualStudioVersion = 10.0.40219.1
Project("{8BC9CEB8-8B4A-11D0-8D11-00A0C91BC942}") = "교수님 이진서치트리구현", "교수님 이진서치트리구현\교수님 이진서치트리구현.vcxproj", "{C0C82D5E-34F6-49A8-BEB1-38EECEAB11EA}"
EndProject
Global
	GlobalSection(SolutionConfigurationPlatforms) = preSolution
		Debug|x64 = Debug|x64
		Debug|x86 = Debug|x86
		Release|x64 = Release|x64
		Release|x86 = Release|x86
	EndGlobalSection
	GlobalSection(ProjectConfigurationPlatforms) = postSolution
		{C0C82D5E-34F6-49A8-BEB1-38EECEAB11EA}.Debug|x64.ActiveCfg = Debug|x64
		{C0C82D5E-34F6-49A8-BEB1-38EECEAB11EA}.Debug|x64.Build.0 = Debug|x64
		{C0C82D5E-34F6-49A8-BEB1-38EECEAB11EA}.Debug|x86.ActiveCfg = Debug|Win32
		{C0C82D5E-34F6-49A8-BEB1-38EECEAB11EA}.Debug|x86.Build.0 = Debug|Win32
		{C0C82D5E-34F6-49A8-BEB1-38EECEAB11EA}.Release|x64.ActiveCfg = Release|x64
		{C0C82D5E-34F6-49A8-BEB1-38EECEAB11EA}.Release|x64.Build.0 = Release|x64
		{C0C82D5E-34F6-49A8-BEB1-38EECEAB11EA}.Release|x86.ActiveCfg = Release|Win32
		{C0C82D5E-34F6-49A8-BEB1-38EECEAB11EA}.Release|x86.Build.0 = Release|Win32
	EndGlobalSection
	GlobalSection(SolutionProperties) = preSolution
		HideSolutionNode = FALSE
	EndGlobalSection
	GlobalSection(ExtensibilityGlobals) = postSolution
		SolutionGuid = {F9D90594-480F-4F79-80EC-9EAC056C55F6}
	EndGlobalSection
EndGlobal
